
Microsoft Visual Studio Solution File, Format Version 12.00
# Visual Studio Version 16
VisualStudioVersion = 16.0.30204.135
MinimumVisualStudioVersion = 10.0.40219.1
Project("{FAE04EC0-301F-11D3-BF4B-00C04F79EFBC}") = "pseudo_assembly_interpreter", "pseudo_assembly_interpreter\pseudo_assembly_interpreter.csproj", "{3BF3E376-1FEE-4440-8A59-A87CD0C35C9A}"
EndProject
Project("{FAE04EC0-301F-11D3-BF4B-00C04F79EFBC}") = "pseudo_assembly_interpreterTests", "pseudo_assembly_interpreterTests\pseudo_assembly_interpreterTests.csproj", "{F05F5221-A8CB-402A-90AA-829DFA67EF04}"
EndProject
Global
	GlobalSection(SolutionConfigurationPlatforms) = preSolution
		Debug|Any CPU = Debug|Any CPU
		Release|Any CPU = Release|Any CPU
	EndGlobalSection
	GlobalSection(ProjectConfigurationPlatforms) = postSolution
		{3BF3E376-1FEE-4440-8A59-A87CD0C35C9A}.Debug|Any CPU.ActiveCfg = Debug|Any CPU
		{3BF3E376-1FEE-4440-8A59-A87CD0C35C9A}.Debug|Any CPU.Build.0 = Debug|Any CPU
		{3BF3E376-1FEE-4440-8A59-A87CD0C35C9A}.Release|Any CPU.ActiveCfg = Release|Any CPU
		{3BF3E376-1FEE-4440-8A59-A87CD0C35C9A}.Release|Any CPU.Build.0 = Release|Any CPU
		{F05F5221-A8CB-402A-90AA-829DFA67EF04}.Debug|Any CPU.ActiveCfg = Debug|Any CPU
		{F05F5221-A8CB-402A-90AA-829DFA67EF04}.Debug|Any CPU.Build.0 = Debug|Any CPU
		{F05F5221-A8CB-402A-90AA-829DFA67EF04}.Release|Any CPU.ActiveCfg = Release|Any CPU
		{F05F5221-A8CB-402A-90AA-829DFA67EF04}.Release|Any CPU.Build.0 = Release|Any CPU
	EndGlobalSection
	GlobalSection(SolutionProperties) = preSolution
		HideSolutionNode = FALSE
	EndGlobalSection
	GlobalSection(ExtensibilityGlobals) = postSolution
		SolutionGuid = {67349816-69B7-4FE4-A26E-A3522F51568F}
	EndGlobalSection
EndGlobal
